
Microsoft Visual Studio Solution File, Format Version 12.00
# Visual Studio 15
VisualStudioVersion = 15.0.28010.2048
MinimumVisualStudioVersion = 10.0.40219.1
Project("{FAE04EC0-301F-11D3-BF4B-00C04F79EFBC}") = "CuttingEdgeLighting", "CuttingEdgeLighting\CuttingEdgeLighting.csproj", "{52BD6DE8-5D87-4F54-BC2F-6D6D5395BA3B}"
EndProject
Global
	GlobalSection(SolutionConfigurationPlatforms) = preSolution
		Debug|Any CPU = Debug|Any CPU
		Release|Any CPU = Release|Any CPU
	EndGlobalSection
	GlobalSection(ProjectConfigurationPlatforms) = postSolution
		{52BD6DE8-5D87-4F54-BC2F-6D6D5395BA3B}.Debug|Any CPU.ActiveCfg = Debug|Any CPU
		{52BD6DE8-5D87-4F54-BC2F-6D6D5395BA3B}.Debug|Any CPU.Build.0 = Debug|Any CPU
		{52BD6DE8-5D87-4F54-BC2F-6D6D5395BA3B}.Release|Any CPU.ActiveCfg = Release|Any CPU
		{52BD6DE8-5D87-4F54-BC2F-6D6D5395BA3B}.Release|Any CPU.Build.0 = Release|Any CPU
	EndGlobalSection
	GlobalSection(SolutionProperties) = preSolution
		HideSolutionNode = FALSE
	EndGlobalSection
	GlobalSection(ExtensibilityGlobals) = postSolution
		SolutionGuid = {7C935747-8DD0-4075-B6E4-E560D69998A9}
	EndGlobalSection
EndGlobal
